
Microsoft Visual Studio Solution File, Format Version 12.00
# Visual Studio 2013
VisualStudioVersion = 12.0.31101.0
MinimumVisualStudioVersion = 10.0.40219.1
Project("{2150E333-8FDC-42A3-9474-1A3956D46DE8}") = "Flickity", "Flickity", "{E0DAE1EB-6CCE-4AEA-BE9B-DE4A584E0B3B}"
EndProject
Project("{D954291E-2A0B-460D-934E-DC6B0785DB48}") = "Flickity.Shared", "Flickity\Flickity.Shared\Flickity.Shared.shproj", "{F7664933-13A7-41E9-B1EA-9D68B0DA7BF4}"
EndProject
Project("{262852C6-CD72-467D-83FE-5EEB1973A190}") = "Flickity.Windows", "Flickity\Flickity.Windows\Flickity.Windows.jsproj", "{1A7C9A22-E8F2-40B4-B5C7-E6EA08BD2A4E}"
EndProject
Project("{262852C6-CD72-467D-83FE-5EEB1973A190}") = "Flickity.WindowsPhone", "Flickity\Flickity.WindowsPhone\Flickity.WindowsPhone.jsproj", "{76F18D1C-B0A0-43BD-A51B-BC6A59F48205}"
EndProject
Project("{262852C6-CD72-467D-83FE-5EEB1973A190}") = "Flickity.Cordova", "Flickity\Flickity.Cordova\Flickity.Cordova.jsproj", "{47958273-A5F4-4EAD-8A28-59C2C4A8AB16}"
EndProject
Global
	GlobalSection(SharedMSBuildProjectFiles) = preSolution
		Flickity\Flickity.Shared\Flickity.Shared.projitems*{1a7c9a22-e8f2-40b4-b5c7-e6ea08bd2a4e}*SharedItemsImports = 5
		Flickity\Flickity.Shared\Flickity.Shared.projitems*{f7664933-13a7-41e9-b1ea-9d68b0da7bf4}*SharedItemsImports = 13
		Flickity\Flickity.Shared\Flickity.Shared.projitems*{76f18d1c-b0a0-43bd-a51b-bc6a59f48205}*SharedItemsImports = 5
	EndGlobalSection
	GlobalSection(SolutionConfigurationPlatforms) = preSolution
		Debug|Android = Debug|Android
		Debug|Any CPU = Debug|Any CPU
		Debug|ARM = Debug|ARM
		Debug|iOS = Debug|iOS
		Debug|Mixed Platforms = Debug|Mixed Platforms
		Debug|Windows Phone (Universal) = Debug|Windows Phone (Universal)
		Debug|Windows Phone 8 = Debug|Windows Phone 8
		Debug|Windows-AnyCPU = Debug|Windows-AnyCPU
		Debug|Windows-ARM = Debug|Windows-ARM
		Debug|Windows-x64 = Debug|Windows-x64
		Debug|Windows-x86 = Debug|Windows-x86
		Debug|x64 = Debug|x64
		Debug|x86 = Debug|x86
		Distribution|Android = Distribution|Android
		Distribution|Any CPU = Distribution|Any CPU
		Distribution|ARM = Distribution|ARM
		Distribution|iOS = Distribution|iOS
		Distribution|Mixed Platforms = Distribution|Mixed Platforms
		Distribution|Windows Phone (Universal) = Distribution|Windows Phone (Universal)
		Distribution|Windows Phone 8 = Distribution|Windows Phone 8
		Distribution|Windows-AnyCPU = Distribution|Windows-AnyCPU
		Distribution|Windows-ARM = Distribution|Windows-ARM
		Distribution|Windows-x64 = Distribution|Windows-x64
		Distribution|Windows-x86 = Distribution|Windows-x86
		Distribution|x64 = Distribution|x64
		Distribution|x86 = Distribution|x86
		Release|Android = Release|Android
		Release|Any CPU = Release|Any CPU
		Release|ARM = Release|ARM
		Release|iOS = Release|iOS
		Release|Mixed Platforms = Release|Mixed Platforms
		Release|Windows Phone (Universal) = Release|Windows Phone (Universal)
		Release|Windows Phone 8 = Release|Windows Phone 8
		Release|Windows-AnyCPU = Release|Windows-AnyCPU
		Release|Windows-ARM = Release|Windows-ARM
		Release|Windows-x64 = Release|Windows-x64
		Release|Windows-x86 = Release|Windows-x86
		Release|x64 = Release|x64
		Release|x86 = Release|x86
	EndGlobalSection
	GlobalSection(ProjectConfigurationPlatforms) = postSolution
		{1A7C9A22-E8F2-40B4-B5C7-E6EA08BD2A4E}.Debug|Android.ActiveCfg = Debug|Any CPU
		{1A7C9A22-E8F2-40B4-B5C7-E6EA08BD2A4E}.Debug|Any CPU.ActiveCfg = Debug|Any CPU
		{1A7C9A22-E8F2-40B4-B5C7-E6EA08BD2A4E}.Debug|Any CPU.Build.0 = Debug|Any CPU
		{1A7C9A22-E8F2-40B4-B5C7-E6EA08BD2A4E}.Debug|Any CPU.Deploy.0 = Debug|Any CPU
		{1A7C9A22-E8F2-40B4-B5C7-E6EA08BD2A4E}.Debug|ARM.ActiveCfg = Debug|ARM
		{1A7C9A22-E8F2-40B4-B5C7-E6EA08BD2A4E}.Debug|ARM.Build.0 = Debug|ARM
		{1A7C9A22-E8F2-40B4-B5C7-E6EA08BD2A4E}.Debug|ARM.Deploy.0 = Debug|ARM
		{1A7C9A22-E8F2-40B4-B5C7-E6EA08BD2A4E}.Debug|iOS.ActiveCfg = Debug|Any CPU
		{1A7C9A22-E8F2-40B4-B5C7-E6EA08BD2A4E}.Debug|Mixed Platforms.ActiveCfg = Debug|x86
		{1A7C9A22-E8F2-40B4-B5C7-E6EA08BD2A4E}.Debug|Mixed Platforms.Build.0 = Debug|x86
		{1A7C9A22-E8F2-40B4-B5C7-E6EA08BD2A4E}.Debug|Mixed Platforms.Deploy.0 = Debug|x86
		{1A7C9A22-E8F2-40B4-B5C7-E6EA08BD2A4E}.Debug|Windows Phone (Universal).ActiveCfg = Debug|Any CPU
		{1A7C9A22-E8F2-40B4-B5C7-E6EA08BD2A4E}.Debug|Windows Phone 8.ActiveCfg = Debug|Any CPU
		{1A7C9A22-E8F2-40B4-B5C7-E6EA08BD2A4E}.Debug|Windows-AnyCPU.ActiveCfg = Debug|Any CPU
		{1A7C9A22-E8F2-40B4-B5C7-E6EA08BD2A4E}.Debug|Windows-ARM.ActiveCfg = Debug|Any CPU
		{1A7C9A22-E8F2-40B4-B5C7-E6EA08BD2A4E}.Debug|Windows-x64.ActiveCfg = Debug|Any CPU
		{1A7C9A22-E8F2-40B4-B5C7-E6EA08BD2A4E}.Debug|Windows-x86.ActiveCfg = Debug|Any CPU
		{1A7C9A22-E8F2-40B4-B5C7-E6EA08BD2A4E}.Debug|x64.ActiveCfg = Debug|x64
		{1A7C9A22-E8F2-40B4-B5C7-E6EA08BD2A4E}.Debug|x64.Build.0 = Debug|x64
		{1A7C9A22-E8F2-40B4-B5C7-E6EA08BD2A4E}.Debug|x64.Deploy.0 = Debug|x64
		{1A7C9A22-E8F2-40B4-B5C7-E6EA08BD2A4E}.Debug|x86.ActiveCfg = Debug|x86
		{1A7C9A22-E8F2-40B4-B5C7-E6EA08BD2A4E}.Debug|x86.Build.0 = Debug|x86
		{1A7C9A22-E8F2-40B4-B5C7-E6EA08BD2A4E}.Debug|x86.Deploy.0 = Debug|x86
		{1A7C9A22-E8F2-40B4-B5C7-E6EA08BD2A4E}.Distribution|Android.ActiveCfg = Debug|Any CPU
		{1A7C9A22-E8F2-40B4-B5C7-E6EA08BD2A4E}.Distribution|Any CPU.ActiveCfg = Debug|Any CPU
		{1A7C9A22-E8F2-40B4-B5C7-E6EA08BD2A4E}.Distribution|Any CPU.Build.0 = Debug|Any CPU
		{1A7C9A22-E8F2-40B4-B5C7-E6EA08BD2A4E}.Distribution|Any CPU.Deploy.0 = Debug|Any CPU
		{1A7C9A22-E8F2-40B4-B5C7-E6EA08BD2A4E}.Distribution|ARM.ActiveCfg = Debug|ARM
		{1A7C9A22-E8F2-40B4-B5C7-E6EA08BD2A4E}.Distribution|ARM.Build.0 = Debug|ARM
		{1A7C9A22-E8F2-40B4-B5C7-E6EA08BD2A4E}.Distribution|ARM.Deploy.0 = Debug|ARM
		{1A7C9A22-E8F2-40B4-B5C7-E6EA08BD2A4E}.Distribution|iOS.ActiveCfg = Debug|Any CPU
		{1A7C9A22-E8F2-40B4-B5C7-E6EA08BD2A4E}.Distribution|Mixed Platforms.ActiveCfg = Debug|x86
		{1A7C9A22-E8F2-40B4-B5C7-E6EA08BD2A4E}.Distribution|Mixed Platforms.Build.0 = Debug|x86
		{1A7C9A22-E8F2-40B4-B5C7-E6EA08BD2A4E}.Distribution|Mixed Platforms.Deploy.0 = Debug|x86
		{1A7C9A22-E8F2-40B4-B5C7-E6EA08BD2A4E}.Distribution|Windows Phone (Universal).ActiveCfg = Debug|Any CPU
		{1A7C9A22-E8F2-40B4-B5C7-E6EA08BD2A4E}.Distribution|Windows Phone 8.ActiveCfg = Debug|Any CPU
		{1A7C9A22-E8F2-40B4-B5C7-E6EA08BD2A4E}.Distribution|Windows-AnyCPU.ActiveCfg = Debug|Any CPU
		{1A7C9A22-E8F2-40B4-B5C7-E6EA08BD2A4E}.Distribution|Windows-ARM.ActiveCfg = Debug|Any CPU
		{1A7C9A22-E8F2-40B4-B5C7-E6EA08BD2A4E}.Distribution|Windows-x64.ActiveCfg = Debug|Any CPU
		{1A7C9A22-E8F2-40B4-B5C7-E6EA08BD2A4E}.Distribution|Windows-x86.ActiveCfg = Debug|Any CPU
		{1A7C9A22-E8F2-40B4-B5C7-E6EA08BD2A4E}.Distribution|x64.ActiveCfg = Debug|x64
		{1A7C9A22-E8F2-40B4-B5C7-E6EA08BD2A4E}.Distribution|x64.Build.0 = Debug|x64
		{1A7C9A22-E8F2-40B4-B5C7-E6EA08BD2A4E}.Distribution|x64.Deploy.0 = Debug|x64
		{1A7C9A22-E8F2-40B4-B5C7-E6EA08BD2A4E}.Distribution|x86.ActiveCfg = Debug|x86
		{1A7C9A22-E8F2-40B4-B5C7-E6EA08BD2A4E}.Distribution|x86.Build.0 = Debug|x86
		{1A7C9A22-E8F2-40B4-B5C7-E6EA08BD2A4E}.Distribution|x86.Deploy.0 = Debug|x86
		{1A7C9A22-E8F2-40B4-B5C7-E6EA08BD2A4E}.Release|Android.ActiveCfg = Release|Any CPU
		{1A7C9A22-E8F2-40B4-B5C7-E6EA08BD2A4E}.Release|Any CPU.ActiveCfg = Release|Any CPU
		{1A7C9A22-E8F2-40B4-B5C7-E6EA08BD2A4E}.Release|Any CPU.Build.0 = Release|Any CPU
		{1A7C9A22-E8F2-40B4-B5C7-E6EA08BD2A4E}.Release|Any CPU.Deploy.0 = Release|Any CPU
		{1A7C9A22-E8F2-40B4-B5C7-E6EA08BD2A4E}.Release|ARM.ActiveCfg = Release|ARM
		{1A7C9A22-E8F2-40B4-B5C7-E6EA08BD2A4E}.Release|ARM.Build.0 = Release|ARM
		{1A7C9A22-E8F2-40B4-B5C7-E6EA08BD2A4E}.Release|ARM.Deploy.0 = Release|ARM
		{1A7C9A22-E8F2-40B4-B5C7-E6EA08BD2A4E}.Release|iOS.ActiveCfg = Release|Any CPU
		{1A7C9A22-E8F2-40B4-B5C7-E6EA08BD2A4E}.Release|Mixed Platforms.ActiveCfg = Release|x86
		{1A7C9A22-E8F2-40B4-B5C7-E6EA08BD2A4E}.Release|Mixed Platforms.Build.0 = Release|x86
		{1A7C9A22-E8F2-40B4-B5C7-E6EA08BD2A4E}.Release|Mixed Platforms.Deploy.0 = Release|x86
		{1A7C9A22-E8F2-40B4-B5C7-E6EA08BD2A4E}.Release|Windows Phone (Universal).ActiveCfg = Release|Any CPU
		{1A7C9A22-E8F2-40B4-B5C7-E6EA08BD2A4E}.Release|Windows Phone 8.ActiveCfg = Release|Any CPU
		{1A7C9A22-E8F2-40B4-B5C7-E6EA08BD2A4E}.Release|Windows-AnyCPU.ActiveCfg = Release|Any CPU
		{1A7C9A22-E8F2-40B4-B5C7-E6EA08BD2A4E}.Release|Windows-ARM.ActiveCfg = Release|Any CPU
		{1A7C9A22-E8F2-40B4-B5C7-E6EA08BD2A4E}.Release|Windows-x64.ActiveCfg = Release|Any CPU
		{1A7C9A22-E8F2-40B4-B5C7-E6EA08BD2A4E}.Release|Windows-x86.ActiveCfg = Release|Any CPU
		{1A7C9A22-E8F2-40B4-B5C7-E6EA08BD2A4E}.Release|x64.ActiveCfg = Release|x64
		{1A7C9A22-E8F2-40B4-B5C7-E6EA08BD2A4E}.Release|x64.Build.0 = Release|x64
		{1A7C9A22-E8F2-40B4-B5C7-E6EA08BD2A4E}.Release|x64.Deploy.0 = Release|x64
		{1A7C9A22-E8F2-40B4-B5C7-E6EA08BD2A4E}.Release|x86.ActiveCfg = Release|x86
		{1A7C9A22-E8F2-40B4-B5C7-E6EA08BD2A4E}.Release|x86.Build.0 = Release|x86
		{1A7C9A22-E8F2-40B4-B5C7-E6EA08BD2A4E}.Release|x86.Deploy.0 = Release|x86
		{76F18D1C-B0A0-43BD-A51B-BC6A59F48205}.Debug|Android.ActiveCfg = Debug|Any CPU
		{76F18D1C-B0A0-43BD-A51B-BC6A59F48205}.Debug|Any CPU.ActiveCfg = Debug|Any CPU
		{76F18D1C-B0A0-43BD-A51B-BC6A59F48205}.Debug|Any CPU.Build.0 = Debug|Any CPU
		{76F18D1C-B0A0-43BD-A51B-BC6A59F48205}.Debug|Any CPU.Deploy.0 = Debug|Any CPU
		{76F18D1C-B0A0-43BD-A51B-BC6A59F48205}.Debug|ARM.ActiveCfg = Debug|ARM
		{76F18D1C-B0A0-43BD-A51B-BC6A59F48205}.Debug|ARM.Build.0 = Debug|ARM
		{76F18D1C-B0A0-43BD-A51B-BC6A59F48205}.Debug|ARM.Deploy.0 = Debug|ARM
		{76F18D1C-B0A0-43BD-A51B-BC6A59F48205}.Debug|iOS.ActiveCfg = Debug|Any CPU
		{76F18D1C-B0A0-43BD-A51B-BC6A59F48205}.Debug|Mixed Platforms.ActiveCfg = Debug|ARM
		{76F18D1C-B0A0-43BD-A51B-BC6A59F48205}.Debug|Mixed Platforms.Build.0 = Debug|ARM
		{76F18D1C-B0A0-43BD-A51B-BC6A59F48205}.Debug|Mixed Platforms.Deploy.0 = Debug|ARM
		{76F18D1C-B0A0-43BD-A51B-BC6A59F48205}.Debug|Windows Phone (Universal).ActiveCfg = Debug|Any CPU
		{76F18D1C-B0A0-43BD-A51B-BC6A59F48205}.Debug|Windows Phone 8.ActiveCfg = Debug|Any CPU
		{76F18D1C-B0A0-43BD-A51B-BC6A59F48205}.Debug|Windows-AnyCPU.ActiveCfg = Debug|Any CPU
		{76F18D1C-B0A0-43BD-A51B-BC6A59F48205}.Debug|Windows-ARM.ActiveCfg = Debug|Any CPU
		{76F18D1C-B0A0-43BD-A51B-BC6A59F48205}.Debug|Windows-x64.ActiveCfg = Debug|Any CPU
		{76F18D1C-B0A0-43BD-A51B-BC6A59F48205}.Debug|Windows-x86.ActiveCfg = Debug|Any CPU
		{76F18D1C-B0A0-43BD-A51B-BC6A59F48205}.Debug|x64.ActiveCfg = Debug|Any CPU
		{76F18D1C-B0A0-43BD-A51B-BC6A59F48205}.Debug|x64.Build.0 = Debug|Any CPU
		{76F18D1C-B0A0-43BD-A51B-BC6A59F48205}.Debug|x64.Deploy.0 = Debug|Any CPU
		{76F18D1C-B0A0-43BD-A51B-BC6A59F48205}.Debug|x86.ActiveCfg = Debug|x86
		{76F18D1C-B0A0-43BD-A51B-BC6A59F48205}.Debug|x86.Build.0 = Debug|x86
		{76F18D1C-B0A0-43BD-A51B-BC6A59F48205}.Debug|x86.Deploy.0 = Debug|x86
		{76F18D1C-B0A0-43BD-A51B-BC6A59F48205}.Distribution|Android.ActiveCfg = Debug|Any CPU
		{76F18D1C-B0A0-43BD-A51B-BC6A59F48205}.Distribution|Any CPU.ActiveCfg = Debug|Any CPU
		{76F18D1C-B0A0-43BD-A51B-BC6A59F48205}.Distribution|Any CPU.Build.0 = Debug|Any CPU
		{76F18D1C-B0A0-43BD-A51B-BC6A59F48205}.Distribution|Any CPU.Deploy.0 = Debug|Any CPU
		{76F18D1C-B0A0-43BD-A51B-BC6A59F48205}.Distribution|ARM.ActiveCfg = Debug|ARM
		{76F18D1C-B0A0-43BD-A51B-BC6A59F48205}.Distribution|ARM.Build.0 = Debug|ARM
		{76F18D1C-B0A0-43BD-A51B-BC6A59F48205}.Distribution|ARM.Deploy.0 = Debug|ARM
		{76F18D1C-B0A0-43BD-A51B-BC6A59F48205}.Distribution|iOS.ActiveCfg = Debug|Any CPU
		{76F18D1C-B0A0-43BD-A51B-BC6A59F48205}.Distribution|Mixed Platforms.ActiveCfg = Debug|x86
		{76F18D1C-B0A0-43BD-A51B-BC6A59F48205}.Distribution|Mixed Platforms.Build.0 = Debug|x86
		{76F18D1C-B0A0-43BD-A51B-BC6A59F48205}.Distribution|Mixed Platforms.Deploy.0 = Debug|x86
		{76F18D1C-B0A0-43BD-A51B-BC6A59F48205}.Distribution|Windows Phone (Universal).ActiveCfg = Debug|Any CPU
		{76F18D1C-B0A0-43BD-A51B-BC6A59F48205}.Distribution|Windows Phone 8.ActiveCfg = Debug|Any CPU
		{76F18D1C-B0A0-43BD-A51B-BC6A59F48205}.Distribution|Windows-AnyCPU.ActiveCfg = Debug|Any CPU
		{76F18D1C-B0A0-43BD-A51B-BC6A59F48205}.Distribution|Windows-ARM.ActiveCfg = Debug|Any CPU
		{76F18D1C-B0A0-43BD-A51B-BC6A59F48205}.Distribution|Windows-x64.ActiveCfg = Debug|Any CPU
		{76F18D1C-B0A0-43BD-A51B-BC6A59F48205}.Distribution|Windows-x86.ActiveCfg = Debug|Any CPU
		{76F18D1C-B0A0-43BD-A51B-BC6A59F48205}.Distribution|x64.ActiveCfg = Debug|Any CPU
		{76F18D1C-B0A0-43BD-A51B-BC6A59F48205}.Distribution|x86.ActiveCfg = Debug|x86
		{76F18D1C-B0A0-43BD-A51B-BC6A59F48205}.Distribution|x86.Build.0 = Debug|x86
		{76F18D1C-B0A0-43BD-A51B-BC6A59F48205}.Distribution|x86.Deploy.0 = Debug|x86
		{76F18D1C-B0A0-43BD-A51B-BC6A59F48205}.Release|Android.ActiveCfg = Release|Any CPU
		{76F18D1C-B0A0-43BD-A51B-BC6A59F48205}.Release|Any CPU.ActiveCfg = Release|Any CPU
		{76F18D1C-B0A0-43BD-A51B-BC6A59F48205}.Release|Any CPU.Build.0 = Release|Any CPU
		{76F18D1C-B0A0-43BD-A51B-BC6A59F48205}.Release|Any CPU.Deploy.0 = Release|Any CPU
		{76F18D1C-B0A0-43BD-A51B-BC6A59F48205}.Release|ARM.ActiveCfg = Release|ARM
		{76F18D1C-B0A0-43BD-A51B-BC6A59F48205}.Release|ARM.Build.0 = Release|ARM
		{76F18D1C-B0A0-43BD-A51B-BC6A59F48205}.Release|ARM.Deploy.0 = Release|ARM
		{76F18D1C-B0A0-43BD-A51B-BC6A59F48205}.Release|iOS.ActiveCfg = Release|Any CPU
		{76F18D1C-B0A0-43BD-A51B-BC6A59F48205}.Release|Mixed Platforms.ActiveCfg = Release|x86
		{76F18D1C-B0A0-43BD-A51B-BC6A59F48205}.Release|Mixed Platforms.Build.0 = Release|x86
		{76F18D1C-B0A0-43BD-A51B-BC6A59F48205}.Release|Mixed Platforms.Deploy.0 = Release|x86
		{76F18D1C-B0A0-43BD-A51B-BC6A59F48205}.Release|Windows Phone (Universal).ActiveCfg = Release|Any CPU
		{76F18D1C-B0A0-43BD-A51B-BC6A59F48205}.Release|Windows Phone 8.ActiveCfg = Release|Any CPU
		{76F18D1C-B0A0-43BD-A51B-BC6A59F48205}.Release|Windows-AnyCPU.ActiveCfg = Release|Any CPU
		{76F18D1C-B0A0-43BD-A51B-BC6A59F48205}.Release|Windows-ARM.ActiveCfg = Release|Any CPU
		{76F18D1C-B0A0-43BD-A51B-BC6A59F48205}.Release|Windows-x64.ActiveCfg = Release|Any CPU
		{76F18D1C-B0A0-43BD-A51B-BC6A59F48205}.Release|Windows-x86.ActiveCfg = Release|Any CPU
		{76F18D1C-B0A0-43BD-A51B-BC6A59F48205}.Release|x64.ActiveCfg = Release|Any CPU
		{76F18D1C-B0A0-43BD-A51B-BC6A59F48205}.Release|x64.Build.0 = Release|Any CPU
		{76F18D1C-B0A0-43BD-A51B-BC6A59F48205}.Release|x64.Deploy.0 = Release|Any CPU
		{76F18D1C-B0A0-43BD-A51B-BC6A59F48205}.Release|x86.ActiveCfg = Release|x86
		{76F18D1C-B0A0-43BD-A51B-BC6A59F48205}.Release|x86.Build.0 = Release|x86
		{76F18D1C-B0A0-43BD-A51B-BC6A59F48205}.Release|x86.Deploy.0 = Release|x86
		{47958273-A5F4-4EAD-8A28-59C2C4A8AB16}.Debug|Android.ActiveCfg = Debug|Android
		{47958273-A5F4-4EAD-8A28-59C2C4A8AB16}.Debug|Android.Build.0 = Debug|Android
		{47958273-A5F4-4EAD-8A28-59C2C4A8AB16}.Debug|Android.Deploy.0 = Debug|Android
		{47958273-A5F4-4EAD-8A28-59C2C4A8AB16}.Debug|Any CPU.ActiveCfg = Debug|Android
		{47958273-A5F4-4EAD-8A28-59C2C4A8AB16}.Debug|ARM.ActiveCfg = Debug|Windows-ARM
		{47958273-A5F4-4EAD-8A28-59C2C4A8AB16}.Debug|iOS.ActiveCfg = Debug|iOS
		{47958273-A5F4-4EAD-8A28-59C2C4A8AB16}.Debug|iOS.Build.0 = Debug|iOS
		{47958273-A5F4-4EAD-8A28-59C2C4A8AB16}.Debug|iOS.Deploy.0 = Debug|iOS
		{47958273-A5F4-4EAD-8A28-59C2C4A8AB16}.Debug|Mixed Platforms.ActiveCfg = Debug|Android
		{47958273-A5F4-4EAD-8A28-59C2C4A8AB16}.Debug|Mixed Platforms.Build.0 = Debug|Android
		{47958273-A5F4-4EAD-8A28-59C2C4A8AB16}.Debug|Mixed Platforms.Deploy.0 = Debug|Android
		{47958273-A5F4-4EAD-8A28-59C2C4A8AB16}.Debug|Windows Phone (Universal).ActiveCfg = Debug|Windows Phone (Universal)
		{47958273-A5F4-4EAD-8A28-59C2C4A8AB16}.Debug|Windows Phone (Universal).Build.0 = Debug|Windows Phone (Universal)
		{47958273-A5F4-4EAD-8A28-59C2C4A8AB16}.Debug|Windows Phone (Universal).Deploy.0 = Debug|Windows Phone (Universal)
		{47958273-A5F4-4EAD-8A28-59C2C4A8AB16}.Debug|Windows Phone 8.ActiveCfg = Debug|Windows Phone 8
		{47958273-A5F4-4EAD-8A28-59C2C4A8AB16}.Debug|Windows Phone 8.Build.0 = Debug|Windows Phone 8
		{47958273-A5F4-4EAD-8A28-59C2C4A8AB16}.Debug|Windows Phone 8.Deploy.0 = Debug|Windows Phone 8
		{47958273-A5F4-4EAD-8A28-59C2C4A8AB16}.Debug|Windows-AnyCPU.ActiveCfg = Debug|Windows-AnyCPU
		{47958273-A5F4-4EAD-8A28-59C2C4A8AB16}.Debug|Windows-AnyCPU.Build.0 = Debug|Windows-AnyCPU
		{47958273-A5F4-4EAD-8A28-59C2C4A8AB16}.Debug|Windows-AnyCPU.Deploy.0 = Debug|Windows-AnyCPU
		{47958273-A5F4-4EAD-8A28-59C2C4A8AB16}.Debug|Windows-ARM.ActiveCfg = Debug|Windows-ARM
		{47958273-A5F4-4EAD-8A28-59C2C4A8AB16}.Debug|Windows-ARM.Build.0 = Debug|Windows-ARM
		{47958273-A5F4-4EAD-8A28-59C2C4A8AB16}.Debug|Windows-ARM.Deploy.0 = Debug|Windows-ARM
		{47958273-A5F4-4EAD-8A28-59C2C4A8AB16}.Debug|Windows-x64.ActiveCfg = Debug|Windows-x64
		{47958273-A5F4-4EAD-8A28-59C2C4A8AB16}.Debug|Windows-x64.Build.0 = Debug|Windows-x64
		{47958273-A5F4-4EAD-8A28-59C2C4A8AB16}.Debug|Windows-x64.Deploy.0 = Debug|Windows-x64
		{47958273-A5F4-4EAD-8A28-59C2C4A8AB16}.Debug|Windows-x86.ActiveCfg = Debug|Windows-x86
		{47958273-A5F4-4EAD-8A28-59C2C4A8AB16}.Debug|Windows-x86.Build.0 = Debug|Windows-x86
		{47958273-A5F4-4EAD-8A28-59C2C4A8AB16}.Debug|Windows-x86.Deploy.0 = Debug|Windows-x86
		{47958273-A5F4-4EAD-8A28-59C2C4A8AB16}.Debug|x64.ActiveCfg = Debug|Windows-x64
		{47958273-A5F4-4EAD-8A28-59C2C4A8AB16}.Debug|x86.ActiveCfg = Debug|Windows-x86
		{47958273-A5F4-4EAD-8A28-59C2C4A8AB16}.Distribution|Android.ActiveCfg = Distribution|Android
		{47958273-A5F4-4EAD-8A28-59C2C4A8AB16}.Distribution|Android.Build.0 = Distribution|Android
		{47958273-A5F4-4EAD-8A28-59C2C4A8AB16}.Distribution|Android.Deploy.0 = Distribution|Android
		{47958273-A5F4-4EAD-8A28-59C2C4A8AB16}.Distribution|Any CPU.ActiveCfg = Distribution|Android
		{47958273-A5F4-4EAD-8A28-59C2C4A8AB16}.Distribution|ARM.ActiveCfg = Distribution|Windows-ARM
		{47958273-A5F4-4EAD-8A28-59C2C4A8AB16}.Distribution|iOS.ActiveCfg = Distribution|iOS
		{47958273-A5F4-4EAD-8A28-59C2C4A8AB16}.Distribution|iOS.Build.0 = Distribution|iOS
		{47958273-A5F4-4EAD-8A28-59C2C4A8AB16}.Distribution|iOS.Deploy.0 = Distribution|iOS
		{47958273-A5F4-4EAD-8A28-59C2C4A8AB16}.Distribution|Mixed Platforms.ActiveCfg = Distribution|Windows Phone (Universal)
		{47958273-A5F4-4EAD-8A28-59C2C4A8AB16}.Distribution|Mixed Platforms.Build.0 = Distribution|Windows Phone (Universal)
		{47958273-A5F4-4EAD-8A28-59C2C4A8AB16}.Distribution|Mixed Platforms.Deploy.0 = Distribution|Windows Phone (Universal)
		{47958273-A5F4-4EAD-8A28-59C2C4A8AB16}.Distribution|Windows Phone (Universal).ActiveCfg = Distribution|Windows Phone (Universal)
		{47958273-A5F4-4EAD-8A28-59C2C4A8AB16}.Distribution|Windows Phone (Universal).Build.0 = Distribution|Windows Phone (Universal)
		{47958273-A5F4-4EAD-8A28-59C2C4A8AB16}.Distribution|Windows Phone (Universal).Deploy.0 = Distribution|Windows Phone (Universal)
		{47958273-A5F4-4EAD-8A28-59C2C4A8AB16}.Distribution|Windows Phone 8.ActiveCfg = Distribution|Windows Phone 8
		{47958273-A5F4-4EAD-8A28-59C2C4A8AB16}.Distribution|Windows Phone 8.Build.0 = Distribution|Windows Phone 8
		{47958273-A5F4-4EAD-8A28-59C2C4A8AB16}.Distribution|Windows Phone 8.Deploy.0 = Distribution|Windows Phone 8
		{47958273-A5F4-4EAD-8A28-59C2C4A8AB16}.Distribution|Windows-AnyCPU.ActiveCfg = Distribution|Windows-AnyCPU
		{47958273-A5F4-4EAD-8A28-59C2C4A8AB16}.Distribution|Windows-AnyCPU.Build.0 = Distribution|Windows-AnyCPU
		{47958273-A5F4-4EAD-8A28-59C2C4A8AB16}.Distribution|Windows-AnyCPU.Deploy.0 = Distribution|Windows-AnyCPU
		{47958273-A5F4-4EAD-8A28-59C2C4A8AB16}.Distribution|Windows-ARM.ActiveCfg = Distribution|Windows-ARM
		{47958273-A5F4-4EAD-8A28-59C2C4A8AB16}.Distribution|Windows-ARM.Build.0 = Distribution|Windows-ARM
		{47958273-A5F4-4EAD-8A28-59C2C4A8AB16}.Distribution|Windows-ARM.Deploy.0 = Distribution|Windows-ARM
		{47958273-A5F4-4EAD-8A28-59C2C4A8AB16}.Distribution|Windows-x64.ActiveCfg = Distribution|Windows-x64
		{47958273-A5F4-4EAD-8A28-59C2C4A8AB16}.Distribution|Windows-x64.Build.0 = Distribution|Windows-x64
		{47958273-A5F4-4EAD-8A28-59C2C4A8AB16}.Distribution|Windows-x64.Deploy.0 = Distribution|Windows-x64
		{47958273-A5F4-4EAD-8A28-59C2C4A8AB16}.Distribution|Windows-x86.ActiveCfg = Distribution|Windows-x86
		{47958273-A5F4-4EAD-8A28-59C2C4A8AB16}.Distribution|Windows-x86.Build.0 = Distribution|Windows-x86
		{47958273-A5F4-4EAD-8A28-59C2C4A8AB16}.Distribution|Windows-x86.Deploy.0 = Distribution|Windows-x86
		{47958273-A5F4-4EAD-8A28-59C2C4A8AB16}.Distribution|x64.ActiveCfg = Distribution|Windows-x64
		{47958273-A5F4-4EAD-8A28-59C2C4A8AB16}.Distribution|x86.ActiveCfg = Distribution|Windows-x86
		{47958273-A5F4-4EAD-8A28-59C2C4A8AB16}.Release|Android.ActiveCfg = Release|Android
		{47958273-A5F4-4EAD-8A28-59C2C4A8AB16}.Release|Android.Build.0 = Release|Android
		{47958273-A5F4-4EAD-8A28-59C2C4A8AB16}.Release|Android.Deploy.0 = Release|Android
		{47958273-A5F4-4EAD-8A28-59C2C4A8AB16}.Release|Any CPU.ActiveCfg = Release|Android
		{47958273-A5F4-4EAD-8A28-59C2C4A8AB16}.Release|ARM.ActiveCfg = Release|Windows-ARM
		{47958273-A5F4-4EAD-8A28-59C2C4A8AB16}.Release|iOS.ActiveCfg = Release|iOS
		{47958273-A5F4-4EAD-8A28-59C2C4A8AB16}.Release|iOS.Build.0 = Release|iOS
		{47958273-A5F4-4EAD-8A28-59C2C4A8AB16}.Release|iOS.Deploy.0 = Release|iOS
		{47958273-A5F4-4EAD-8A28-59C2C4A8AB16}.Release|Mixed Platforms.ActiveCfg = Release|Android
		{47958273-A5F4-4EAD-8A28-59C2C4A8AB16}.Release|Mixed Platforms.Build.0 = Release|Android
		{47958273-A5F4-4EAD-8A28-59C2C4A8AB16}.Release|Mixed Platforms.Deploy.0 = Release|Android
		{47958273-A5F4-4EAD-8A28-59C2C4A8AB16}.Release|Windows Phone (Universal).ActiveCfg = Release|Windows Phone (Universal)
		{47958273-A5F4-4EAD-8A28-59C2C4A8AB16}.Release|Windows Phone (Universal).Build.0 = Release|Windows Phone (Universal)
		{47958273-A5F4-4EAD-8A28-59C2C4A8AB16}.Release|Windows Phone (Universal).Deploy.0 = Release|Windows Phone (Universal)
		{47958273-A5F4-4EAD-8A28-59C2C4A8AB16}.Release|Windows Phone 8.ActiveCfg = Release|Windows Phone 8
		{47958273-A5F4-4EAD-8A28-59C2C4A8AB16}.Release|Windows Phone 8.Build.0 = Release|Windows Phone 8
		{47958273-A5F4-4EAD-8A28-59C2C4A8AB16}.Release|Windows Phone 8.Deploy.0 = Release|Windows Phone 8
		{47958273-A5F4-4EAD-8A28-59C2C4A8AB16}.Release|Windows-AnyCPU.ActiveCfg = Release|Windows-AnyCPU
		{47958273-A5F4-4EAD-8A28-59C2C4A8AB16}.Release|Windows-AnyCPU.Build.0 = Release|Windows-AnyCPU
		{47958273-A5F4-4EAD-8A28-59C2C4A8AB16}.Release|Windows-AnyCPU.Deploy.0 = Release|Windows-AnyCPU
		{47958273-A5F4-4EAD-8A28-59C2C4A8AB16}.Release|Windows-ARM.ActiveCfg = Release|Windows-ARM
		{47958273-A5F4-4EAD-8A28-59C2C4A8AB16}.Release|Windows-ARM.Build.0 = Release|Windows-ARM
		{47958273-A5F4-4EAD-8A28-59C2C4A8AB16}.Release|Windows-ARM.Deploy.0 = Release|Windows-ARM
		{47958273-A5F4-4EAD-8A28-59C2C4A8AB16}.Release|Windows-x64.ActiveCfg = Release|Windows-x64
		{47958273-A5F4-4EAD-8A28-59C2C4A8AB16}.Release|Windows-x64.Build.0 = Release|Windows-x64
		{47958273-A5F4-4EAD-8A28-59C2C4A8AB16}.Release|Windows-x64.Deploy.0 = Release|Windows-x64
		{47958273-A5F4-4EAD-8A28-59C2C4A8AB16}.Release|Windows-x86.ActiveCfg = Release|Windows-x86
		{47958273-A5F4-4EAD-8A28-59C2C4A8AB16}.Release|Windows-x86.Build.0 = Release|Windows-x86
		{47958273-A5F4-4EAD-8A28-59C2C4A8AB16}.Release|Windows-x86.Deploy.0 = Release|Windows-x86
		{47958273-A5F4-4EAD-8A28-59C2C4A8AB16}.Release|x64.ActiveCfg = Release|Windows-x64
		{47958273-A5F4-4EAD-8A28-59C2C4A8AB16}.Release|x86.ActiveCfg = Release|Windows-x86
	EndGlobalSection
	GlobalSection(SolutionProperties) = preSolution
		HideSolutionNode = FALSE
	EndGlobalSection
	GlobalSection(NestedProjects) = preSolution
		{F7664933-13A7-41E9-B1EA-9D68B0DA7BF4} = {E0DAE1EB-6CCE-4AEA-BE9B-DE4A584E0B3B}
		{1A7C9A22-E8F2-40B4-B5C7-E6EA08BD2A4E} = {E0DAE1EB-6CCE-4AEA-BE9B-DE4A584E0B3B}
		{76F18D1C-B0A0-43BD-A51B-BC6A59F48205} = {E0DAE1EB-6CCE-4AEA-BE9B-DE4A584E0B3B}
		{47958273-A5F4-4EAD-8A28-59C2C4A8AB16} = {E0DAE1EB-6CCE-4AEA-BE9B-DE4A584E0B3B}
	EndGlobalSection
EndGlobal
