
Microsoft Visual Studio Solution File, Format Version 12.00
# Visual Studio 14
VisualStudioVersion = 14.0.22609.0
MinimumVisualStudioVersion = 10.0.40219.1
Project("{2150E333-8FDC-42A3-9474-1A3956D46DE8}") = "Flickity", "Flickity", "{E0DAE1EB-6CCE-4AEA-BE9B-DE4A584E0B3B}"
EndProject
Project("{D954291E-2A0B-460D-934E-DC6B0785DB48}") = "Flickity.Shared", "Flickity\Flickity.Shared\Flickity.Shared.shproj", "{F7664933-13A7-41E9-B1EA-9D68B0DA7BF4}"
EndProject
Project("{262852C6-CD72-467D-83FE-5EEB1973A190}") = "Flickity.Windows", "Flickity\Flickity.Windows\Flickity.Windows.jsproj", "{1A7C9A22-E8F2-40B4-B5C7-E6EA08BD2A4E}"
EndProject
Project("{262852C6-CD72-467D-83FE-5EEB1973A190}") = "Flickity.WindowsPhone", "Flickity\Flickity.WindowsPhone\Flickity.WindowsPhone.jsproj", "{76F18D1C-B0A0-43BD-A51B-BC6A59F48205}"
EndProject
Global
	GlobalSection(SharedMSBuildProjectFiles) = preSolution
		Flickity\Flickity.Shared\Flickity.Shared.projitems*{1a7c9a22-e8f2-40b4-b5c7-e6ea08bd2a4e}*SharedItemsImports = 5
		Flickity\Flickity.Shared\Flickity.Shared.projitems*{f7664933-13a7-41e9-b1ea-9d68b0da7bf4}*SharedItemsImports = 13
		Flickity\Flickity.Shared\Flickity.Shared.projitems*{76f18d1c-b0a0-43bd-a51b-bc6a59f48205}*SharedItemsImports = 5
	EndGlobalSection
	GlobalSection(SolutionConfigurationPlatforms) = preSolution
		Debug|Any CPU = Debug|Any CPU
		Debug|ARM = Debug|ARM
		Debug|x64 = Debug|x64
		Debug|x86 = Debug|x86
		Release|Any CPU = Release|Any CPU
		Release|ARM = Release|ARM
		Release|x64 = Release|x64
		Release|x86 = Release|x86
	EndGlobalSection
	GlobalSection(ProjectConfigurationPlatforms) = postSolution
		{1A7C9A22-E8F2-40B4-B5C7-E6EA08BD2A4E}.Debug|Any CPU.ActiveCfg = Debug|Any CPU
		{1A7C9A22-E8F2-40B4-B5C7-E6EA08BD2A4E}.Debug|Any CPU.Build.0 = Debug|Any CPU
		{1A7C9A22-E8F2-40B4-B5C7-E6EA08BD2A4E}.Debug|Any CPU.Deploy.0 = Debug|Any CPU
		{1A7C9A22-E8F2-40B4-B5C7-E6EA08BD2A4E}.Debug|ARM.ActiveCfg = Debug|ARM
		{1A7C9A22-E8F2-40B4-B5C7-E6EA08BD2A4E}.Debug|ARM.Build.0 = Debug|ARM
		{1A7C9A22-E8F2-40B4-B5C7-E6EA08BD2A4E}.Debug|ARM.Deploy.0 = Debug|ARM
		{1A7C9A22-E8F2-40B4-B5C7-E6EA08BD2A4E}.Debug|x64.ActiveCfg = Debug|x64
		{1A7C9A22-E8F2-40B4-B5C7-E6EA08BD2A4E}.Debug|x64.Build.0 = Debug|x64
		{1A7C9A22-E8F2-40B4-B5C7-E6EA08BD2A4E}.Debug|x64.Deploy.0 = Debug|x64
		{1A7C9A22-E8F2-40B4-B5C7-E6EA08BD2A4E}.Debug|x86.ActiveCfg = Debug|x86
		{1A7C9A22-E8F2-40B4-B5C7-E6EA08BD2A4E}.Debug|x86.Build.0 = Debug|x86
		{1A7C9A22-E8F2-40B4-B5C7-E6EA08BD2A4E}.Debug|x86.Deploy.0 = Debug|x86
		{1A7C9A22-E8F2-40B4-B5C7-E6EA08BD2A4E}.Release|Any CPU.ActiveCfg = Release|Any CPU
		{1A7C9A22-E8F2-40B4-B5C7-E6EA08BD2A4E}.Release|Any CPU.Build.0 = Release|Any CPU
		{1A7C9A22-E8F2-40B4-B5C7-E6EA08BD2A4E}.Release|Any CPU.Deploy.0 = Release|Any CPU
		{1A7C9A22-E8F2-40B4-B5C7-E6EA08BD2A4E}.Release|ARM.ActiveCfg = Release|ARM
		{1A7C9A22-E8F2-40B4-B5C7-E6EA08BD2A4E}.Release|ARM.Build.0 = Release|ARM
		{1A7C9A22-E8F2-40B4-B5C7-E6EA08BD2A4E}.Release|ARM.Deploy.0 = Release|ARM
		{1A7C9A22-E8F2-40B4-B5C7-E6EA08BD2A4E}.Release|x64.ActiveCfg = Release|x64
		{1A7C9A22-E8F2-40B4-B5C7-E6EA08BD2A4E}.Release|x64.Build.0 = Release|x64
		{1A7C9A22-E8F2-40B4-B5C7-E6EA08BD2A4E}.Release|x64.Deploy.0 = Release|x64
		{1A7C9A22-E8F2-40B4-B5C7-E6EA08BD2A4E}.Release|x86.ActiveCfg = Release|x86
		{1A7C9A22-E8F2-40B4-B5C7-E6EA08BD2A4E}.Release|x86.Build.0 = Release|x86
		{1A7C9A22-E8F2-40B4-B5C7-E6EA08BD2A4E}.Release|x86.Deploy.0 = Release|x86
		{76F18D1C-B0A0-43BD-A51B-BC6A59F48205}.Debug|Any CPU.ActiveCfg = Debug|Any CPU
		{76F18D1C-B0A0-43BD-A51B-BC6A59F48205}.Debug|Any CPU.Build.0 = Debug|Any CPU
		{76F18D1C-B0A0-43BD-A51B-BC6A59F48205}.Debug|Any CPU.Deploy.0 = Debug|Any CPU
		{76F18D1C-B0A0-43BD-A51B-BC6A59F48205}.Debug|ARM.ActiveCfg = Debug|ARM
		{76F18D1C-B0A0-43BD-A51B-BC6A59F48205}.Debug|ARM.Build.0 = Debug|ARM
		{76F18D1C-B0A0-43BD-A51B-BC6A59F48205}.Debug|ARM.Deploy.0 = Debug|ARM
		{76F18D1C-B0A0-43BD-A51B-BC6A59F48205}.Debug|x64.ActiveCfg = Debug|Any CPU
		{76F18D1C-B0A0-43BD-A51B-BC6A59F48205}.Debug|x64.Build.0 = Debug|Any CPU
		{76F18D1C-B0A0-43BD-A51B-BC6A59F48205}.Debug|x64.Deploy.0 = Debug|Any CPU
		{76F18D1C-B0A0-43BD-A51B-BC6A59F48205}.Debug|x86.ActiveCfg = Debug|x86
		{76F18D1C-B0A0-43BD-A51B-BC6A59F48205}.Debug|x86.Build.0 = Debug|x86
		{76F18D1C-B0A0-43BD-A51B-BC6A59F48205}.Debug|x86.Deploy.0 = Debug|x86
		{76F18D1C-B0A0-43BD-A51B-BC6A59F48205}.Release|Any CPU.ActiveCfg = Release|Any CPU
		{76F18D1C-B0A0-43BD-A51B-BC6A59F48205}.Release|Any CPU.Build.0 = Release|Any CPU
		{76F18D1C-B0A0-43BD-A51B-BC6A59F48205}.Release|Any CPU.Deploy.0 = Release|Any CPU
		{76F18D1C-B0A0-43BD-A51B-BC6A59F48205}.Release|ARM.ActiveCfg = Release|ARM
		{76F18D1C-B0A0-43BD-A51B-BC6A59F48205}.Release|ARM.Build.0 = Release|ARM
		{76F18D1C-B0A0-43BD-A51B-BC6A59F48205}.Release|ARM.Deploy.0 = Release|ARM
		{76F18D1C-B0A0-43BD-A51B-BC6A59F48205}.Release|x64.ActiveCfg = Release|Any CPU
		{76F18D1C-B0A0-43BD-A51B-BC6A59F48205}.Release|x64.Build.0 = Release|Any CPU
		{76F18D1C-B0A0-43BD-A51B-BC6A59F48205}.Release|x64.Deploy.0 = Release|Any CPU
		{76F18D1C-B0A0-43BD-A51B-BC6A59F48205}.Release|x86.ActiveCfg = Release|x86
		{76F18D1C-B0A0-43BD-A51B-BC6A59F48205}.Release|x86.Build.0 = Release|x86
		{76F18D1C-B0A0-43BD-A51B-BC6A59F48205}.Release|x86.Deploy.0 = Release|x86
	EndGlobalSection
	GlobalSection(SolutionProperties) = preSolution
		HideSolutionNode = FALSE
	EndGlobalSection
	GlobalSection(NestedProjects) = preSolution
		{F7664933-13A7-41E9-B1EA-9D68B0DA7BF4} = {E0DAE1EB-6CCE-4AEA-BE9B-DE4A584E0B3B}
		{1A7C9A22-E8F2-40B4-B5C7-E6EA08BD2A4E} = {E0DAE1EB-6CCE-4AEA-BE9B-DE4A584E0B3B}
		{76F18D1C-B0A0-43BD-A51B-BC6A59F48205} = {E0DAE1EB-6CCE-4AEA-BE9B-DE4A584E0B3B}
	EndGlobalSection
EndGlobal
